
Microsoft Visual Studio Solution File, Format Version 12.00
# Visual Studio Version 16
VisualStudioVersion = 16.0.29709.97
MinimumVisualStudioVersion = 10.0.40219.1
Project("{FAE04EC0-301F-11D3-BF4B-00C04F79EFBC}") = "QuartzSample", "QuartzSample\QuartzSample.csproj", "{70275136-6C5E-4D49-AB1C-95277F38795A}"
EndProject
Global
	GlobalSection(SolutionConfigurationPlatforms) = preSolution
		Debug|Any CPU = Debug|Any CPU
		Release|Any CPU = Release|Any CPU
	EndGlobalSection
	GlobalSection(ProjectConfigurationPlatforms) = postSolution
		{70275136-6C5E-4D49-AB1C-95277F38795A}.Debug|Any CPU.ActiveCfg = Debug|Any CPU
		{70275136-6C5E-4D49-AB1C-95277F38795A}.Debug|Any CPU.Build.0 = Debug|Any CPU
		{70275136-6C5E-4D49-AB1C-95277F38795A}.Release|Any CPU.ActiveCfg = Release|Any CPU
		{70275136-6C5E-4D49-AB1C-95277F38795A}.Release|Any CPU.Build.0 = Release|Any CPU
	EndGlobalSection
	GlobalSection(SolutionProperties) = preSolution
		HideSolutionNode = FALSE
	EndGlobalSection
	GlobalSection(ExtensibilityGlobals) = postSolution
		SolutionGuid = {83CD81D1-1F6F-410D-B995-CA191CA209F1}
	EndGlobalSection
EndGlobal
